{
  "nodes": {
    "flake-parts": {
      "inputs": {
        "nixpkgs-lib": [
          "nix-update",
          "nixpkgs"
        ]
      },
      "locked": {
        "lastModified": 1726153070,
        "narHash": "sha256-HO4zgY0ekfwO5bX0QH/3kJ/h4KvUDFZg8YpkNwIbg1U=",
        "owner": "hercules-ci",
        "repo": "flake-parts",
        "rev": "bcef6817a8b2aa20a5a6dbb19b43e63c5bf8619a",
        "type": "github"
      },
      "original": {
        "owner": "hercules-ci",
        "repo": "flake-parts",
        "type": "github"
      }
    },
    "nix-update": {
      "inputs": {
        "flake-parts": "flake-parts",
        "nixpkgs": [
          "nixpkgs"
        ],
        "treefmt-nix": "treefmt-nix"
      },
      "locked": {
        "lastModified": 1728137302,
        "narHash": "sha256-ZEam1UWw+s4mlYo4fVtdJVQGwn3lPISba8g1UfEwP+Q=",
        "owner": "Mic92",
        "repo": "nix-update",
        "rev": "d611b0d986448f577bea75101548452b81a4506b",
        "type": "github"
      },
      "original": {
        "owner": "Mic92",
        "repo": "nix-update",
        "type": "github"
      }
    },
    "nixpkgs": {
      "locked": {
        "lastModified": 1730272153,
        "narHash": "sha256-B5WRZYsRlJgwVHIV6DvidFN7VX7Fg9uuwkRW9Ha8z+w=",
        "owner": "NixOS",
        "repo": "nixpkgs",
        "rev": "2d2a9ddbe3f2c00747398f3dc9b05f7f2ebb0f53",
        "type": "github"
      },
      "original": {
        "owner": "NixOS",
        "ref": "nixpkgs-unstable",
        "repo": "nixpkgs",
        "type": "github"
      }
    },
    "root": {
      "inputs": {
        "nix-update": "nix-update",
        "nixpkgs": "nixpkgs"
      }
    },
    "treefmt-nix": {
      "inputs": {
        "nixpkgs": [
          "nix-update",
          "nixpkgs"
        ]
      },
      "locked": {
        "lastModified": 1727431250,
        "narHash": "sha256-uGRlRT47ecicF9iLD1G3g43jn2e+b5KaMptb59LHnvM=",
        "owner": "numtide",
        "repo": "treefmt-nix",
        "rev": "879b29ae9a0378904fbbefe0dadaed43c8905754",
        "type": "github"
      },
      "original": {
        "owner": "numtide",
        "repo": "treefmt-nix",
        "type": "github"
      }
    }
  },
  "root": "root",
  "version": 7
}
