{
  "nodes": {
    "devshell": {
      "inputs": {
        "nixpkgs": [
          "nixpkgs"
        ]
      },
      "locked": {
        "lastModified": 1768818222,
        "narHash": "sha256-460jc0+CZfyaO8+w8JNtlClB2n4ui1RbHfPTLkpwhU8=",
        "owner": "numtide",
        "repo": "devshell",
        "rev": "255a2b1725a20d060f566e4755dbf571bbbb5f76",
        "type": "github"
      },
      "original": {
        "owner": "numtide",
        "ref": "main",
        "repo": "devshell",
        "type": "github"
      }
    },
    "devshell-lib": {
      "flake": false,
      "locked": {
        "lastModified": 1756280941,
        "narHash": "sha256-QJrcAvSUaFU5Lns/D3px1oEIiANNmVp9o1hLlMQuG/w=",
        "owner": "phanirithvij",
        "repo": "nix-shell-templates",
        "rev": "1b798f537fb8ff6b7c331371f80924bc0a6564f1",
        "type": "github"
      },
      "original": {
        "owner": "phanirithvij",
        "ref": "main",
        "repo": "nix-shell-templates",
        "type": "github"
      }
    },
    "nix-update": {
      "inputs": {
        "nixpkgs": [
          "nixpkgs"
        ],
        "treefmt-nix": "treefmt-nix"
      },
      "locked": {
        "lastModified": 1787465785,
        "narHash": "sha256-4zUPTHgB5osZiCCCcmvsVzRCwwLW2hoSzUxtZfxWXPw=",
        "owner": "Mic92",
        "repo": "nix-update",
        "rev": "b696bfebc3fc40c9d14358131f3815641da9fa44",
        "type": "github"
      },
      "original": {
        "owner": "Mic92",
        "repo": "nix-update",
        "type": "github"
      }
    },
    "nixpkgs": {
      "locked": {
        "lastModified": 1788073086,
        "narHash": "sha256-T/ZPsGUHT9n17lGGqx+Lcykp5kmYDc4qjrRhHE99ZVs=",
        "owner": "phanirithvij",
        "repo": "nixpkgs",
        "rev": "13be6821dc9759fc3ece61a8d227e0a6cf3244a6",
        "type": "github"
      },
      "original": {
        "owner": "phanirithvij",
        "ref": "nixos-patched",
        "repo": "nixpkgs",
        "type": "github"
      }
    },
    "root": {
      "inputs": {
        "devshell": "devshell",
        "devshell-lib": "devshell-lib",
        "nix-update": "nix-update",
        "nixpkgs": "nixpkgs"
      }
    },
    "treefmt-nix": {
      "inputs": {
        "nixpkgs": [
          "nix-update",
          "nixpkgs"
        ]
      },
      "locked": {
        "lastModified": 1786901030,
        "narHash": "sha256-WSFCsDSE5ffgD2MqzkM2CYjeFiKhRF/dJUN8uedb6YE=",
        "owner": "numtide",
        "repo": "treefmt-nix",
        "rev": "27b3b12a8e6375f28ebe122f07d230ca5459bbfa",
        "type": "github"
      },
      "original": {
        "owner": "numtide",
        "repo": "treefmt-nix",
        "type": "github"
      }
    }
  },
  "root": "root",
  "version": 7
}
